// !$*UTF8*$!
{
	archiveVersion = 1;
	classes = {
	};
	objectVersion = 50;
	objects = {

/* Begin PBXBuildFile section */
		615B354326DDE4BB00AE2CD2 /* My_first_SwiftUI_appApp.swift in Sources */ = {isa = PBXBuildFile; fileRef = 615B354226DDE4BB00AE2CD2 /* My_first_SwiftUI_appApp.swift */; };
		615B354526DDE4BB00AE2CD2 /* ContentView.swift in Sources */ = {isa = PBXBuildFile; fileRef = 615B354426DDE4BB00AE2CD2 /* ContentView.swift */; };
		615B354726DDE4BF00AE2CD2 /* Assets.xcassets in Resources */ = {isa = PBXBuildFile; fileRef = 615B354626DDE4BF00AE2CD2 /* Assets.xcassets */; };
		615B354A26DDE4BF00AE2CD2 /* Preview Assets.xcassets in Resources */ = {isa = PBXBuildFile; fileRef = 615B354926DDE4BF00AE2CD2 /* Preview Assets.xcassets */; };
		615B355226DED48900AE2CD2 /* locations.json in Resources */ = {isa = PBXBuildFile; fileRef = 615B355126DED48800AE2CD2 /* locations.json */; };
		615B355426DED4A700AE2CD2 /* tips.json in Resources */ = {isa = PBXBuildFile; fileRef = 615B355326DED4A700AE2CD2 /* tips.json */; };
		615B355626DEE36100AE2CD2 /* Location.swift in Sources */ = {isa = PBXBuildFile; fileRef = 615B355526DEE36100AE2CD2 /* Location.swift */; };
		615B355826DEEA5000AE2CD2 /* Locations.swift in Sources */ = {isa = PBXBuildFile; fileRef = 615B355726DEEA5000AE2CD2 /* Locations.swift */; };
/* End PBXBuildFile section */

/* Begin PBXFileReference section */
		615B353F26DDE4BB00AE2CD2 /* My first SwiftUI app.app */ = {isa = PBXFileReference; explicitFileType = wrapper.application; includeInIndex = 0; path = "My first SwiftUI app.app"; sourceTree = BUILT_PRODUCTS_DIR; };
		615B354226DDE4BB00AE2CD2 /* My_first_SwiftUI_appApp.swift */ = {isa = PBXFileReference; lastKnownFileType = sourcecode.swift; path = My_first_SwiftUI_appApp.swift; sourceTree = "<group>"; };
		615B354426DDE4BB00AE2CD2 /* ContentView.swift */ = {isa = PBXFileReference; lastKnownFileType = sourcecode.swift; path = ContentView.swift; sourceTree = "<group>"; };
		615B354626DDE4BF00AE2CD2 /* Assets.xcassets */ = {isa = PBXFileReference; lastKnownFileType = folder.assetcatalog; path = Assets.xcassets; sourceTree = "<group>"; };
		615B354926DDE4BF00AE2CD2 /* Preview Assets.xcassets */ = {isa = PBXFileReference; lastKnownFileType = folder.assetcatalog; path = "Preview Assets.xcassets"; sourceTree = "<group>"; };
		615B354B26DDE4BF00AE2CD2 /* Info.plist */ = {isa = PBXFileReference; lastKnownFileType = text.plist.xml; path = Info.plist; sourceTree = "<group>"; };
		615B355126DED48800AE2CD2 /* locations.json */ = {isa = PBXFileReference; fileEncoding = 4; lastKnownFileType = text.json; path = locations.json; sourceTree = "<group>"; };
		615B355326DED4A700AE2CD2 /* tips.json */ = {isa = PBXFileReference; fileEncoding = 4; lastKnownFileType = text.json; path = tips.json; sourceTree = "<group>"; };
		615B355526DEE36100AE2CD2 /* Location.swift */ = {isa = PBXFileReference; lastKnownFileType = sourcecode.swift; path = Location.swift; sourceTree = "<group>"; };
		615B355726DEEA5000AE2CD2 /* Locations.swift */ = {isa = PBXFileReference; lastKnownFileType = sourcecode.swift; path = Locations.swift; sourceTree = "<group>"; };
/* End PBXFileReference section */

/* Begin PBXFrameworksBuildPhase section */
		615B353C26DDE4BB00AE2CD2 /* Frameworks */ = {
			isa = PBXFrameworksBuildPhase;
			buildActionMask = 2147483647;
			files = (
			);
			runOnlyForDeploymentPostprocessing = 0;
		};
/* End PBXFrameworksBuildPhase section */

/* Begin PBXGroup section */
		615B353626DDE4BA00AE2CD2 = {
			isa = PBXGroup;
			children = (
				615B354126DDE4BB00AE2CD2 /* My first SwiftUI app */,
				615B354026DDE4BB00AE2CD2 /* Products */,
			);
			sourceTree = "<group>";
		};
		615B354026DDE4BB00AE2CD2 /* Products */ = {
			isa = PBXGroup;
			children = (
				615B353F26DDE4BB00AE2CD2 /* My first SwiftUI app.app */,
			);
			name = Products;
			sourceTree = "<group>";
		};
		615B354126DDE4BB00AE2CD2 /* My first SwiftUI app */ = {
			isa = PBXGroup;
			children = (
				615B355126DED48800AE2CD2 /* locations.json */,
				615B355326DED4A700AE2CD2 /* tips.json */,
				615B354226DDE4BB00AE2CD2 /* My_first_SwiftUI_appApp.swift */,
				615B354426DDE4BB00AE2CD2 /* ContentView.swift */,
				615B355726DEEA5000AE2CD2 /* Locations.swift */,
				615B355526DEE36100AE2CD2 /* Location.swift */,
				615B354626DDE4BF00AE2CD2 /* Assets.xcassets */,
				615B354B26DDE4BF00AE2CD2 /* Info.plist */,
				615B354826DDE4BF00AE2CD2 /* Preview Content */,
			);
			path = "My first SwiftUI app";
			sourceTree = "<group>";
		};
		615B354826DDE4BF00AE2CD2 /* Preview Content */ = {
			isa = PBXGroup;
			children = (
				615B354926DDE4BF00AE2CD2 /* Preview Assets.xcassets */,
			);
			path = "Preview Content";
			sourceTree = "<group>";
		};
/* End PBXGroup section */

/* Begin PBXNativeTarget section */
		615B353E26DDE4BB00AE2CD2 /* My first SwiftUI app */ = {
			isa = PBXNativeTarget;
			buildConfigurationList = 615B354E26DDE4BF00AE2CD2 /* Build configuration list for PBXNativeTarget "My first SwiftUI app" */;
			buildPhases = (
				615B353B26DDE4BB00AE2CD2 /* Sources */,
				615B353C26DDE4BB00AE2CD2 /* Frameworks */,
				615B353D26DDE4BB00AE2CD2 /* Resources */,
			);
			buildRules = (
			);
			dependencies = (
			);
			name = "My first SwiftUI app";
			productName = "My first SwiftUI app";
			productReference = 615B353F26DDE4BB00AE2CD2 /* My first SwiftUI app.app */;
			productType = "com.apple.product-type.application";
		};
/* End PBXNativeTarget section */

/* Begin PBXProject section */
		615B353726DDE4BA00AE2CD2 /* Project object */ = {
			isa = PBXProject;
			attributes = {
				LastSwiftUpdateCheck = 1250;
				LastUpgradeCheck = 1250;
				TargetAttributes = {
					615B353E26DDE4BB00AE2CD2 = {
						CreatedOnToolsVersion = 12.5.1;
					};
				};
			};
			buildConfigurationList = 615B353A26DDE4BA00AE2CD2 /* Build configuration list for PBXProject "My first SwiftUI app" */;
			compatibilityVersion = "Xcode 9.3";
			developmentRegion = en;
			hasScannedForEncodings = 0;
			knownRegions = (
				en,
				Base,
			);
			mainGroup = 615B353626DDE4BA00AE2CD2;
			productRefGroup = 615B354026DDE4BB00AE2CD2 /* Products */;
			projectDirPath = "";
			projectRoot = "";
			targets = (
				615B353E26DDE4BB00AE2CD2 /* My first SwiftUI app */,
			);
		};
/* End PBXProject section */

/* Begin PBXResourcesBuildPhase section */
		615B353D26DDE4BB00AE2CD2 /* Resources */ = {
			isa = PBXResourcesBuildPhase;
			buildActionMask = 2147483647;
			files = (
				615B354A26DDE4BF00AE2CD2 /* Preview Assets.xcassets in Resources */,
				615B355426DED4A700AE2CD2 /* tips.json in Resources */,
				615B355226DED48900AE2CD2 /* locations.json in Resources */,
				615B354726DDE4BF00AE2CD2 /* Assets.xcassets in Resources */,
			);
			runOnlyForDeploymentPostprocessing = 0;
		};
/* End PBXResourcesBuildPhase section */

/* Begin PBXSourcesBuildPhase section */
		615B353B26DDE4BB00AE2CD2 /* Sources */ = {
			isa = PBXSourcesBuildPhase;
			buildActionMask = 2147483647;
			files = (
				615B354526DDE4BB00AE2CD2 /* ContentView.swift in Sources */,
				615B355626DEE36100AE2CD2 /* Location.swift in Sources */,
				615B355826DEEA5000AE2CD2 /* Locations.swift in Sources */,
				615B354326DDE4BB00AE2CD2 /* My_first_SwiftUI_appApp.swift in Sources */,
			);
			runOnlyForDeploymentPostprocessing = 0;
		};
/* End PBXSourcesBuildPhase section */

/* Begin XCBuildConfiguration section */
		615B354C26DDE4BF00AE2CD2 /* Debug */ = {
			isa = XCBuildConfiguration;
			buildSettings = {
				ALWAYS_SEARCH_USER_PATHS = NO;
				CLANG_ANALYZER_NONNULL = YES;
				CLANG_ANALYZER_NUMBER_OBJECT_CONVERSION = YES_AGGRESSIVE;
				CLANG_CXX_LANGUAGE_STANDARD = "gnu++14";
				CLANG_CXX_LIBRARY = "libc++";
				CLANG_ENABLE_MODULES = YES;
				CLANG_ENABLE_OBJC_ARC = YES;
				CLANG_ENABLE_OBJC_WEAK = YES;
				CLANG_WARN_BLOCK_CAPTURE_AUTORELEASING = YES;
				CLANG_WARN_BOOL_CONVERSION = YES;
				CLANG_WARN_COMMA = YES;
				CLANG_WARN_CONSTANT_CONVERSION = YES;
				CLANG_WARN_DEPRECATED_OBJC_IMPLEMENTATIONS = YES;
				CLANG_WARN_DIRECT_OBJC_ISA_USAGE = YES_ERROR;
				CLANG_WARN_DOCUMENTATION_COMMENTS = YES;
				CLANG_WARN_EMPTY_BODY = YES;
				CLANG_WARN_ENUM_CONVERSION = YES;
				CLANG_WARN_INFINITE_RECURSION = YES;
				CLANG_WARN_INT_CONVERSION = YES;
				CLANG_WARN_NON_LITERAL_NULL_CONVERSION = YES;
				CLANG_WARN_OBJC_IMPLICIT_RETAIN_SELF = YES;
				CLANG_WARN_OBJC_LITERAL_CONVERSION = YES;
				CLANG_WARN_OBJC_ROOT_CLASS = YES_ERROR;
				CLANG_WARN_QUOTED_INCLUDE_IN_FRAMEWORK_HEADER = YES;
				CLANG_WARN_RANGE_LOOP_ANALYSIS = YES;
				CLANG_WARN_STRICT_PROTOTYPES = YES;
				CLANG_WARN_SUSPICIOUS_MOVE = YES;
				CLANG_WARN_UNGUARDED_AVAILABILITY = YES_AGGRESSIVE;
				CLANG_WARN_UNREACHABLE_CODE = YES;
				CLANG_WARN__DUPLICATE_METHOD_MATCH = YES;
				COPY_PHASE_STRIP = NO;
				DEBUG_INFORMATION_FORMAT = dwarf;
				ENABLE_STRICT_OBJC_MSGSEND = YES;
				ENABLE_TESTABILITY = YES;
				GCC_C_LANGUAGE_STANDARD = gnu11;
				GCC_DYNAMIC_NO_PIC = NO;
				GCC_NO_COMMON_BLOCKS = YES;
				GCC_OPTIMIZATION_LEVEL = 0;
				GCC_PREPROCESSOR_DEFINITIONS = (
					"DEBUG=1",
					"$(inherited)",
				);
				GCC_WARN_64_TO_32_BIT_CONVERSION = YES;
				GCC_WARN_ABOUT_RETURN_TYPE = YES_ERROR;
				GCC_WARN_UNDECLARED_SELECTOR = YES;
				GCC_WARN_UNINITIALIZED_AUTOS = YES_AGGRESSIVE;
				GCC_WARN_UNUSED_FUNCTION = YES;
				GCC_WARN_UNUSED_VARIABLE = YES;
				IPHONEOS_DEPLOYMENT_TARGET = 14.5;
				MTL_ENABLE_DEBUG_INFO = INCLUDE_SOURCE;
				MTL_FAST_MATH = YES;
				ONLY_ACTIVE_ARCH = YES;
				SDKROOT = iphoneos;
				SWIFT_ACTIVE_COMPILATION_CONDITIONS = DEBUG;
				SWIFT_OPTIMIZATION_LEVEL = "-Onone";
			};
			name = Debug;
		};
		615B354D26DDE4BF00AE2CD2 /* Release */ = {
			isa = XCBuildConfiguration;
			buildSettings = {
				ALWAYS_SEARCH_USER_PATHS = NO;
				CLANG_ANALYZER_NONNULL = YES;
				CLANG_ANALYZER_NUMBER_OBJECT_CONVERSION = YES_AGGRESSIVE;
				CLANG_CXX_LANGUAGE_STANDARD = "gnu++14";
				CLANG_CXX_LIBRARY = "libc++";
				CLANG_ENABLE_MODULES = YES;
				CLANG_ENABLE_OBJC_ARC = YES;
				CLANG_ENABLE_OBJC_WEAK = YES;
				CLANG_WARN_BLOCK_CAPTURE_AUTORELEASING = YES;
				CLANG_WARN_BOOL_CONVERSION = YES;
				CLANG_WARN_COMMA = YES;
				CLANG_WARN_CONSTANT_CONVERSION = YES;
				CLANG_WARN_DEPRECATED_OBJC_IMPLEMENTATIONS = YES;
				CLANG_WARN_DIRECT_OBJC_ISA_USAGE = YES_ERROR;
				CLANG_WARN_DOCUMENTATION_COMMENTS = YES;
				CLANG_WARN_EMPTY_BODY = YES;
				CLANG_WARN_ENUM_CONVERSION = YES;
				CLANG_WARN_INFINITE_RECURSION = YES;
				CLANG_WARN_INT_CONVERSION = YES;
				CLANG_WARN_NON_LITERAL_NULL_CONVERSION = YES;
				CLANG_WARN_OBJC_IMPLICIT_RETAIN_SELF = YES;
				CLANG_WARN_OBJC_LITERAL_CONVERSION = YES;
				CLANG_WARN_OBJC_ROOT_CLASS = YES_ERROR;
				CLANG_WARN_QUOTED_INCLUDE_IN_FRAMEWORK_HEADER = YES;
				CLANG_WARN_RANGE_LOOP_ANALYSIS = YES;
				CLANG_WARN_STRICT_PROTOTYPES = YES;
				CLANG_WARN_SUSPICIOUS_MOVE = YES;
				CLANG_WARN_UNGUARDED_AVAILABILITY = YES_AGGRESSIVE;
				CLANG_WARN_UNREACHABLE_CODE = YES;
				CLANG_WARN__DUPLICATE_METHOD_MATCH = YES;
				COPY_PHASE_STRIP = NO;
				DEBUG_INFORMATION_FORMAT = "dwarf-with-dsym";
				ENABLE_NS_ASSERTIONS = NO;
				ENABLE_STRICT_OBJC_MSGSEND = YES;
				GCC_C_LANGUAGE_STANDARD = gnu11;
				GCC_NO_COMMON_BLOCKS = YES;
				GCC_WARN_64_TO_32_BIT_CONVERSION = YES;
				GCC_WARN_ABOUT_RETURN_TYPE = YES_ERROR;
				GCC_WARN_UNDECLARED_SELECTOR = YES;
				GCC_WARN_UNINITIALIZED_AUTOS = YES_AGGRESSIVE;
				GCC_WARN_UNUSED_FUNCTION = YES;
				GCC_WARN_UNUSED_VARIABLE = YES;
				IPHONEOS_DEPLOYMENT_TARGET = 14.5;
				MTL_ENABLE_DEBUG_INFO = NO;
				MTL_FAST_MATH = YES;
				SDKROOT = iphoneos;
				SWIFT_COMPILATION_MODE = wholemodule;
				SWIFT_OPTIMIZATION_LEVEL = "-O";
				VALIDATE_PRODUCT = YES;
			};
			name = Release;
		};
		615B354F26DDE4BF00AE2CD2 /* Debug */ = {
			isa = XCBuildConfiguration;
			buildSettings = {
				ASSETCATALOG_COMPILER_APPICON_NAME = AppIcon;
				ASSETCATALOG_COMPILER_GLOBAL_ACCENT_COLOR_NAME = AccentColor;
				CODE_SIGN_STYLE = Automatic;
				DEVELOPMENT_ASSET_PATHS = "\"My first SwiftUI app/Preview Content\"";
				ENABLE_PREVIEWS = YES;
				INFOPLIST_FILE = "My first SwiftUI app/Info.plist";
				IPHONEOS_DEPLOYMENT_TARGET = 14.0;
				LD_RUNPATH_SEARCH_PATHS = (
					"$(inherited)",
					"@executable_path/Frameworks",
				);
				PRODUCT_BUNDLE_IDENTIFIER = "renetarot.My-first-SwiftUI-app";
				PRODUCT_NAME = "$(TARGET_NAME)";
				SWIFT_VERSION = 5.0;
				TARGETED_DEVICE_FAMILY = "1,2";
			};
			name = Debug;
		};
		615B355026DDE4BF00AE2CD2 /* Release */ = {
			isa = XCBuildConfiguration;
			buildSettings = {
				ASSETCATALOG_COMPILER_APPICON_NAME = AppIcon;
				ASSETCATALOG_COMPILER_GLOBAL_ACCENT_COLOR_NAME = AccentColor;
				CODE_SIGN_STYLE = Automatic;
				DEVELOPMENT_ASSET_PATHS = "\"My first SwiftUI app/Preview Content\"";
				ENABLE_PREVIEWS = YES;
				INFOPLIST_FILE = "My first SwiftUI app/Info.plist";
				IPHONEOS_DEPLOYMENT_TARGET = 14.0;
				LD_RUNPATH_SEARCH_PATHS = (
					"$(inherited)",
					"@executable_path/Frameworks",
				);
				PRODUCT_BUNDLE_IDENTIFIER = "renetarot.My-first-SwiftUI-app";
				PRODUCT_NAME = "$(TARGET_NAME)";
				SWIFT_VERSION = 5.0;
				TARGETED_DEVICE_FAMILY = "1,2";
			};
			name = Release;
		};
/* End XCBuildConfiguration section */

/* Begin XCConfigurationList section */
		615B353A26DDE4BA00AE2CD2 /* Build configuration list for PBXProject "My first SwiftUI app" */ = {
			isa = XCConfigurationList;
			buildConfigurations = (
				615B354C26DDE4BF00AE2CD2 /* Debug */,
				615B354D26DDE4BF00AE2CD2 /* Release */,
			);
			defaultConfigurationIsVisible = 0;
			defaultConfigurationName = Release;
		};
		615B354E26DDE4BF00AE2CD2 /* Build configuration list for PBXNativeTarget "My first SwiftUI app" */ = {
			isa = XCConfigurationList;
			buildConfigurations = (
				615B354F26DDE4BF00AE2CD2 /* Debug */,
				615B355026DDE4BF00AE2CD2 /* Release */,
			);
			defaultConfigurationIsVisible = 0;
			defaultConfigurationName = Release;
		};
/* End XCConfigurationList section */
	};
	rootObject = 615B353726DDE4BA00AE2CD2 /* Project object */;
}
